{
  "name": "@openclaw/typeagent-memory",
  "version": "2026.3.3",
  "lockfileVersion": 3,
  "requires": true,
  "packages": {
    "": {
      "name": "@openclaw/typeagent-memory",
      "version": "2026.3.3",
      "dependencies": {
        "@sinclair/typebox": "0.34.48",
        "conversation-memory": "file:../../typeagent/ts/packages/memory/conversation",
        "knowpro": "file:../../typeagent/ts/packages/knowPro"
      }
    },
    "../../typeagent/ts/packages/knowPro": {
      "name": "knowpro",
      "version": "0.0.1",
      "license": "MIT",
      "dependencies": {
        "aiclient": "workspace:*",
        "async": "^3.2.5",
        "debug": "^4.4.0",
        "fast-levenshtein": "^3.0.0",
        "knowledge-processor": "workspace:*",
        "typeagent": "workspace:*",
        "typechat": "^0.1.1"
      },
      "devDependencies": {
        "@types/async": "^3.2.24",
        "@types/debug": "^4.1.12",
        "@types/fast-levenshtein": "0.0.4",
        "@types/jest": "^29.5.7",
        "copyfiles": "^2.4.1",
        "dotenv": "^16.3.1",
        "jest": "^29.7.0",
        "prettier": "^3.5.3",
        "rimraf": "^6.0.1",
        "test-lib": "workspace:*",
        "typescript": "~5.4.5"
      }
    },
    "../../typeagent/ts/packages/memory/conversation": {
      "name": "conversation-memory",
      "version": "0.0.1",
      "license": "MIT",
      "dependencies": {
        "aiclient": "workspace:*",
        "async": "^3.2.5",
        "debug": "^4.4.0",
        "knowledge-processor": "workspace:*",
        "knowpro": "workspace:*",
        "mailparser": "3.9.3",
        "memory-storage": "workspace:*",
        "textpro": "workspace:*",
        "typeagent": "workspace:*",
        "typechat": "^0.1.1",
        "webvtt-parser": "2.2.0"
      },
      "devDependencies": {
        "@types/async": "^3.2.24",
        "@types/debug": "^4.1.12",
        "@types/jest": "^29.5.7",
        "@types/mailparser": "3.4.6",
        "@types/webvtt-parser": "2.2.0",
        "copyfiles": "^2.4.1",
        "dotenv": "^16.3.1",
        "jest": "^29.7.0",
        "prettier": "^3.5.3",
        "rimraf": "^6.0.1",
        "test-lib": "workspace:*",
        "typescript": "~5.4.5"
      }
    },
    "node_modules/@sinclair/typebox": {
      "version": "0.34.48",
      "resolved": "https://registry.npmjs.org/@sinclair/typebox/-/typebox-0.34.48.tgz",
      "integrity": "sha512-kKJTNuK3AQOrgjjotVxMrCn1sUJwM76wMszfq1kdU4uYVJjvEWuFQ6HgvLt4Xz3fSmZlTOxJ/Ie13KnIcWQXFA==",
      "license": "MIT"
    },
    "node_modules/conversation-memory": {
      "resolved": "../../typeagent/ts/packages/memory/conversation",
      "link": true
    },
    "node_modules/knowpro": {
      "resolved": "../../typeagent/ts/packages/knowPro",
      "link": true
    }
  }
}
